
Microsoft Visual Studio Solution File, Format Version 12.00
# Visual Studio Version 17
VisualStudioVersion = 17.10.35013.160
MinimumVisualStudioVersion = 10.0.40219.1
Project("{FAE04EC0-301F-11D3-BF4B-00C04F79EFBC}") = "WinFormsApp1", "WinFormsApp1\WinFormsApp1.csproj", "{B352E6D9-7DFE-4DEC-9017-83E68D06B6A0}"
EndProject
Global
	GlobalSection(SolutionConfigurationPlatforms) = preSolution
		Debug|Any CPU = Debug|Any CPU
		Release|Any CPU = Release|Any CPU
	EndGlobalSection
	GlobalSection(ProjectConfigurationPlatforms) = postSolution
		{B352E6D9-7DFE-4DEC-9017-83E68D06B6A0}.Debug|Any CPU.ActiveCfg = Debug|Any CPU
		{B352E6D9-7DFE-4DEC-9017-83E68D06B6A0}.Debug|Any CPU.Build.0 = Debug|Any CPU
		{B352E6D9-7DFE-4DEC-9017-83E68D06B6A0}.Release|Any CPU.ActiveCfg = Release|Any CPU
		{B352E6D9-7DFE-4DEC-9017-83E68D06B6A0}.Release|Any CPU.Build.0 = Release|Any CPU
	EndGlobalSection
	GlobalSection(SolutionProperties) = preSolution
		HideSolutionNode = FALSE
	EndGlobalSection
	GlobalSection(ExtensibilityGlobals) = postSolution
		SolutionGuid = {65A2FF1E-BFF1-4762-A88D-63A657C77D84}
	EndGlobalSection
EndGlobal
